
Microsoft Visual Studio Solution File, Format Version 12.00
# Visual Studio 15
VisualStudioVersion = 15.0.27130.2024
MinimumVisualStudioVersion = 10.0.40219.1
Project("{FAE04EC0-301F-11D3-BF4B-00C04F79EFBC}") = "ProjTable", "ProjTable\ProjTable.csproj", "{7CB2F8CF-EB19-4F51-A469-1E3C471F4562}"
EndProject
Global
	GlobalSection(SolutionConfigurationPlatforms) = preSolution
		Debug|Any CPU = Debug|Any CPU
		Release|Any CPU = Release|Any CPU
	EndGlobalSection
	GlobalSection(ProjectConfigurationPlatforms) = postSolution
		{7CB2F8CF-EB19-4F51-A469-1E3C471F4562}.Debug|Any CPU.ActiveCfg = Debug|Any CPU
		{7CB2F8CF-EB19-4F51-A469-1E3C471F4562}.Debug|Any CPU.Build.0 = Debug|Any CPU
		{7CB2F8CF-EB19-4F51-A469-1E3C471F4562}.Release|Any CPU.ActiveCfg = Release|Any CPU
		{7CB2F8CF-EB19-4F51-A469-1E3C471F4562}.Release|Any CPU.Build.0 = Release|Any CPU
	EndGlobalSection
	GlobalSection(SolutionProperties) = preSolution
		HideSolutionNode = FALSE
	EndGlobalSection
	GlobalSection(ExtensibilityGlobals) = postSolution
		SolutionGuid = {BFFAA3AA-A32C-4A85-96BA-FA8CF536E11E}
	EndGlobalSection
EndGlobal
